
Microsoft Visual Studio Solution File, Format Version 12.00
# Visual Studio Version 16
VisualStudioVersion = 16.0.30320.27
MinimumVisualStudioVersion = 10.0.40219.1
Project("{9A19103F-16F7-4668-BE54-9A1E7A4F7556}") = "AccountOwnerServer", "AccountOwnerServer\AccountOwnerServer.csproj", "{C9D40D89-E9A4-4D79-BEC2-8635DDACE6DF}"
EndProject
Project("{9A19103F-16F7-4668-BE54-9A1E7A4F7556}") = "Contracts", "Contracts\Contracts.csproj", "{4DE75AF3-EF49-4373-9007-AC9D622C10CC}"
EndProject
Project("{9A19103F-16F7-4668-BE54-9A1E7A4F7556}") = "LoggerService", "LoggerService\LoggerService.csproj", "{EDF2947F-45C0-4933-9447-62D728E3DBFF}"
EndProject
Project("{FAE04EC0-301F-11D3-BF4B-00C04F79EFBC}") = "Entities", "Entities\Entities.csproj", "{BBFCFF29-36D2-4968-92A5-ABA17EE484A7}"
EndProject
Project("{FAE04EC0-301F-11D3-BF4B-00C04F79EFBC}") = "Repository", "Repository\Repository.csproj", "{106FE27D-F3D3-4BF4-B02D-7288AA553123}"
EndProject
Global
	GlobalSection(SolutionConfigurationPlatforms) = preSolution
		Debug|Any CPU = Debug|Any CPU
		Release|Any CPU = Release|Any CPU
	EndGlobalSection
	GlobalSection(ProjectConfigurationPlatforms) = postSolution
		{C9D40D89-E9A4-4D79-BEC2-8635DDACE6DF}.Debug|Any CPU.ActiveCfg = Debug|Any CPU
		{C9D40D89-E9A4-4D79-BEC2-8635DDACE6DF}.Debug|Any CPU.Build.0 = Debug|Any CPU
		{C9D40D89-E9A4-4D79-BEC2-8635DDACE6DF}.Release|Any CPU.ActiveCfg = Release|Any CPU
		{C9D40D89-E9A4-4D79-BEC2-8635DDACE6DF}.Release|Any CPU.Build.0 = Release|Any CPU
		{4DE75AF3-EF49-4373-9007-AC9D622C10CC}.Debug|Any CPU.ActiveCfg = Debug|Any CPU
		{4DE75AF3-EF49-4373-9007-AC9D622C10CC}.Debug|Any CPU.Build.0 = Debug|Any CPU
		{4DE75AF3-EF49-4373-9007-AC9D622C10CC}.Release|Any CPU.ActiveCfg = Release|Any CPU
		{4DE75AF3-EF49-4373-9007-AC9D622C10CC}.Release|Any CPU.Build.0 = Release|Any CPU
		{EDF2947F-45C0-4933-9447-62D728E3DBFF}.Debug|Any CPU.ActiveCfg = Debug|Any CPU
		{EDF2947F-45C0-4933-9447-62D728E3DBFF}.Debug|Any CPU.Build.0 = Debug|Any CPU
		{EDF2947F-45C0-4933-9447-62D728E3DBFF}.Release|Any CPU.ActiveCfg = Release|Any CPU
		{EDF2947F-45C0-4933-9447-62D728E3DBFF}.Release|Any CPU.Build.0 = Release|Any CPU
		{BBFCFF29-36D2-4968-92A5-ABA17EE484A7}.Debug|Any CPU.ActiveCfg = Debug|Any CPU
		{BBFCFF29-36D2-4968-92A5-ABA17EE484A7}.Debug|Any CPU.Build.0 = Debug|Any CPU
		{BBFCFF29-36D2-4968-92A5-ABA17EE484A7}.Release|Any CPU.ActiveCfg = Release|Any CPU
		{BBFCFF29-36D2-4968-92A5-ABA17EE484A7}.Release|Any CPU.Build.0 = Release|Any CPU
		{106FE27D-F3D3-4BF4-B02D-7288AA553123}.Debug|Any CPU.ActiveCfg = Debug|Any CPU
		{106FE27D-F3D3-4BF4-B02D-7288AA553123}.Debug|Any CPU.Build.0 = Debug|Any CPU
		{106FE27D-F3D3-4BF4-B02D-7288AA553123}.Release|Any CPU.ActiveCfg = Release|Any CPU
		{106FE27D-F3D3-4BF4-B02D-7288AA553123}.Release|Any CPU.Build.0 = Release|Any CPU
	EndGlobalSection
	GlobalSection(SolutionProperties) = preSolution
		HideSolutionNode = FALSE
	EndGlobalSection
	GlobalSection(ExtensibilityGlobals) = postSolution
		SolutionGuid = {88BF12B2-FD93-452B-BFBD-8DF4CEFC328B}
	EndGlobalSection
EndGlobal
